
Microsoft Visual Studio Solution File, Format Version 12.00
# Visual Studio Version 16
VisualStudioVersion = 16.6.30114.105
MinimumVisualStudioVersion = 10.0.40219.1
Project("{FAE04EC0-301F-11D3-BF4B-00C04F79EFBC}") = "protocol", "src\protocol\protocol.csproj", "{E274B9A8-1C82-4FFF-9A68-5B6662F3BD27}"
EndProject
Project("{FAE04EC0-301F-11D3-BF4B-00C04F79EFBC}") = "chat-client", "examples\chat-client\chat-client.csproj", "{4015F471-38C4-4B50-BB53-C86D69B378EA}"
EndProject
Project("{FAE04EC0-301F-11D3-BF4B-00C04F79EFBC}") = "chat-server", "examples\chat-server\chat-server.csproj", "{122A2A4C-CD25-4AC6-9F8E-5BA95B45FCA7}"
EndProject
Project("{FAE04EC0-301F-11D3-BF4B-00C04F79EFBC}") = "client-library", "src\client-library\client-library.csproj", "{3D46E3F1-E02A-4193-BE35-F01716CA1EFB}"
EndProject
Project("{FAE04EC0-301F-11D3-BF4B-00C04F79EFBC}") = "server-library", "src\server-library\server-library.csproj", "{4D40249D-E942-4E3A-AF66-96C7F2E97900}"
EndProject
Project("{FAE04EC0-301F-11D3-BF4B-00C04F79EFBC}") = "protobuf-protocol", "src\protobuf-protocol\protobuf-protocol.csproj", "{29423237-B050-4F78-8817-474315A988EF}"
EndProject
Project("{2150E333-8FDC-42A3-9474-1A3956D46DE8}") = "tests", "tests", "{F5B3CF68-9413-4CA3-AC9D-43831F02C678}"
EndProject
Project("{FAE04EC0-301F-11D3-BF4B-00C04F79EFBC}") = "chat-tests", "tests\chat-tests\chat-tests.csproj", "{90422F2B-B999-40CC-BCC3-BBE9161B3595}"
EndProject
Global
	GlobalSection(SolutionConfigurationPlatforms) = preSolution
		Debug|Any CPU = Debug|Any CPU
		Debug|x64 = Debug|x64
		Debug|x86 = Debug|x86
		Release|Any CPU = Release|Any CPU
		Release|x64 = Release|x64
		Release|x86 = Release|x86
	EndGlobalSection
	GlobalSection(SolutionProperties) = preSolution
		HideSolutionNode = FALSE
	EndGlobalSection
	GlobalSection(ProjectConfigurationPlatforms) = postSolution
		{E274B9A8-1C82-4FFF-9A68-5B6662F3BD27}.Debug|Any CPU.ActiveCfg = Debug|Any CPU
		{E274B9A8-1C82-4FFF-9A68-5B6662F3BD27}.Debug|Any CPU.Build.0 = Debug|Any CPU
		{E274B9A8-1C82-4FFF-9A68-5B6662F3BD27}.Debug|x64.ActiveCfg = Debug|Any CPU
		{E274B9A8-1C82-4FFF-9A68-5B6662F3BD27}.Debug|x64.Build.0 = Debug|Any CPU
		{E274B9A8-1C82-4FFF-9A68-5B6662F3BD27}.Debug|x86.ActiveCfg = Debug|Any CPU
		{E274B9A8-1C82-4FFF-9A68-5B6662F3BD27}.Debug|x86.Build.0 = Debug|Any CPU
		{E274B9A8-1C82-4FFF-9A68-5B6662F3BD27}.Release|Any CPU.ActiveCfg = Release|Any CPU
		{E274B9A8-1C82-4FFF-9A68-5B6662F3BD27}.Release|Any CPU.Build.0 = Release|Any CPU
		{E274B9A8-1C82-4FFF-9A68-5B6662F3BD27}.Release|x64.ActiveCfg = Release|Any CPU
		{E274B9A8-1C82-4FFF-9A68-5B6662F3BD27}.Release|x64.Build.0 = Release|Any CPU
		{E274B9A8-1C82-4FFF-9A68-5B6662F3BD27}.Release|x86.ActiveCfg = Release|Any CPU
		{E274B9A8-1C82-4FFF-9A68-5B6662F3BD27}.Release|x86.Build.0 = Release|Any CPU
		{4015F471-38C4-4B50-BB53-C86D69B378EA}.Debug|Any CPU.ActiveCfg = Debug|Any CPU
		{4015F471-38C4-4B50-BB53-C86D69B378EA}.Debug|Any CPU.Build.0 = Debug|Any CPU
		{4015F471-38C4-4B50-BB53-C86D69B378EA}.Debug|x64.ActiveCfg = Debug|Any CPU
		{4015F471-38C4-4B50-BB53-C86D69B378EA}.Debug|x64.Build.0 = Debug|Any CPU
		{4015F471-38C4-4B50-BB53-C86D69B378EA}.Debug|x86.ActiveCfg = Debug|Any CPU
		{4015F471-38C4-4B50-BB53-C86D69B378EA}.Debug|x86.Build.0 = Debug|Any CPU
		{4015F471-38C4-4B50-BB53-C86D69B378EA}.Release|Any CPU.ActiveCfg = Release|Any CPU
		{4015F471-38C4-4B50-BB53-C86D69B378EA}.Release|Any CPU.Build.0 = Release|Any CPU
		{4015F471-38C4-4B50-BB53-C86D69B378EA}.Release|x64.ActiveCfg = Release|Any CPU
		{4015F471-38C4-4B50-BB53-C86D69B378EA}.Release|x64.Build.0 = Release|Any CPU
		{4015F471-38C4-4B50-BB53-C86D69B378EA}.Release|x86.ActiveCfg = Release|Any CPU
		{4015F471-38C4-4B50-BB53-C86D69B378EA}.Release|x86.Build.0 = Release|Any CPU
		{122A2A4C-CD25-4AC6-9F8E-5BA95B45FCA7}.Debug|Any CPU.ActiveCfg = Debug|Any CPU
		{122A2A4C-CD25-4AC6-9F8E-5BA95B45FCA7}.Debug|Any CPU.Build.0 = Debug|Any CPU
		{122A2A4C-CD25-4AC6-9F8E-5BA95B45FCA7}.Debug|x64.ActiveCfg = Debug|Any CPU
		{122A2A4C-CD25-4AC6-9F8E-5BA95B45FCA7}.Debug|x64.Build.0 = Debug|Any CPU
		{122A2A4C-CD25-4AC6-9F8E-5BA95B45FCA7}.Debug|x86.ActiveCfg = Debug|Any CPU
		{122A2A4C-CD25-4AC6-9F8E-5BA95B45FCA7}.Debug|x86.Build.0 = Debug|Any CPU
		{122A2A4C-CD25-4AC6-9F8E-5BA95B45FCA7}.Release|Any CPU.ActiveCfg = Release|Any CPU
		{122A2A4C-CD25-4AC6-9F8E-5BA95B45FCA7}.Release|Any CPU.Build.0 = Release|Any CPU
		{122A2A4C-CD25-4AC6-9F8E-5BA95B45FCA7}.Release|x64.ActiveCfg = Release|Any CPU
		{122A2A4C-CD25-4AC6-9F8E-5BA95B45FCA7}.Release|x64.Build.0 = Release|Any CPU
		{122A2A4C-CD25-4AC6-9F8E-5BA95B45FCA7}.Release|x86.ActiveCfg = Release|Any CPU
		{122A2A4C-CD25-4AC6-9F8E-5BA95B45FCA7}.Release|x86.Build.0 = Release|Any CPU
		{3D46E3F1-E02A-4193-BE35-F01716CA1EFB}.Debug|Any CPU.ActiveCfg = Debug|Any CPU
		{3D46E3F1-E02A-4193-BE35-F01716CA1EFB}.Debug|Any CPU.Build.0 = Debug|Any CPU
		{3D46E3F1-E02A-4193-BE35-F01716CA1EFB}.Debug|x64.ActiveCfg = Debug|Any CPU
		{3D46E3F1-E02A-4193-BE35-F01716CA1EFB}.Debug|x64.Build.0 = Debug|Any CPU
		{3D46E3F1-E02A-4193-BE35-F01716CA1EFB}.Debug|x86.ActiveCfg = Debug|Any CPU
		{3D46E3F1-E02A-4193-BE35-F01716CA1EFB}.Debug|x86.Build.0 = Debug|Any CPU
		{3D46E3F1-E02A-4193-BE35-F01716CA1EFB}.Release|Any CPU.ActiveCfg = Release|Any CPU
		{3D46E3F1-E02A-4193-BE35-F01716CA1EFB}.Release|Any CPU.Build.0 = Release|Any CPU
		{3D46E3F1-E02A-4193-BE35-F01716CA1EFB}.Release|x64.ActiveCfg = Release|Any CPU
		{3D46E3F1-E02A-4193-BE35-F01716CA1EFB}.Release|x64.Build.0 = Release|Any CPU
		{3D46E3F1-E02A-4193-BE35-F01716CA1EFB}.Release|x86.ActiveCfg = Release|Any CPU
		{3D46E3F1-E02A-4193-BE35-F01716CA1EFB}.Release|x86.Build.0 = Release|Any CPU
		{4D40249D-E942-4E3A-AF66-96C7F2E97900}.Debug|Any CPU.ActiveCfg = Debug|Any CPU
		{4D40249D-E942-4E3A-AF66-96C7F2E97900}.Debug|Any CPU.Build.0 = Debug|Any CPU
		{4D40249D-E942-4E3A-AF66-96C7F2E97900}.Debug|x64.ActiveCfg = Debug|Any CPU
		{4D40249D-E942-4E3A-AF66-96C7F2E97900}.Debug|x64.Build.0 = Debug|Any CPU
		{4D40249D-E942-4E3A-AF66-96C7F2E97900}.Debug|x86.ActiveCfg = Debug|Any CPU
		{4D40249D-E942-4E3A-AF66-96C7F2E97900}.Debug|x86.Build.0 = Debug|Any CPU
		{4D40249D-E942-4E3A-AF66-96C7F2E97900}.Release|Any CPU.ActiveCfg = Release|Any CPU
		{4D40249D-E942-4E3A-AF66-96C7F2E97900}.Release|Any CPU.Build.0 = Release|Any CPU
		{4D40249D-E942-4E3A-AF66-96C7F2E97900}.Release|x64.ActiveCfg = Release|Any CPU
		{4D40249D-E942-4E3A-AF66-96C7F2E97900}.Release|x64.Build.0 = Release|Any CPU
		{4D40249D-E942-4E3A-AF66-96C7F2E97900}.Release|x86.ActiveCfg = Release|Any CPU
		{4D40249D-E942-4E3A-AF66-96C7F2E97900}.Release|x86.Build.0 = Release|Any CPU
		{29423237-B050-4F78-8817-474315A988EF}.Debug|Any CPU.ActiveCfg = Debug|Any CPU
		{29423237-B050-4F78-8817-474315A988EF}.Debug|Any CPU.Build.0 = Debug|Any CPU
		{29423237-B050-4F78-8817-474315A988EF}.Debug|x64.ActiveCfg = Debug|Any CPU
		{29423237-B050-4F78-8817-474315A988EF}.Debug|x64.Build.0 = Debug|Any CPU
		{29423237-B050-4F78-8817-474315A988EF}.Debug|x86.ActiveCfg = Debug|Any CPU
		{29423237-B050-4F78-8817-474315A988EF}.Debug|x86.Build.0 = Debug|Any CPU
		{29423237-B050-4F78-8817-474315A988EF}.Release|Any CPU.ActiveCfg = Release|Any CPU
		{29423237-B050-4F78-8817-474315A988EF}.Release|Any CPU.Build.0 = Release|Any CPU
		{29423237-B050-4F78-8817-474315A988EF}.Release|x64.ActiveCfg = Release|Any CPU
		{29423237-B050-4F78-8817-474315A988EF}.Release|x64.Build.0 = Release|Any CPU
		{29423237-B050-4F78-8817-474315A988EF}.Release|x86.ActiveCfg = Release|Any CPU
		{29423237-B050-4F78-8817-474315A988EF}.Release|x86.Build.0 = Release|Any CPU
		{90422F2B-B999-40CC-BCC3-BBE9161B3595}.Debug|Any CPU.ActiveCfg = Debug|Any CPU
		{90422F2B-B999-40CC-BCC3-BBE9161B3595}.Debug|Any CPU.Build.0 = Debug|Any CPU
		{90422F2B-B999-40CC-BCC3-BBE9161B3595}.Debug|x64.ActiveCfg = Debug|Any CPU
		{90422F2B-B999-40CC-BCC3-BBE9161B3595}.Debug|x64.Build.0 = Debug|Any CPU
		{90422F2B-B999-40CC-BCC3-BBE9161B3595}.Debug|x86.ActiveCfg = Debug|Any CPU
		{90422F2B-B999-40CC-BCC3-BBE9161B3595}.Debug|x86.Build.0 = Debug|Any CPU
		{90422F2B-B999-40CC-BCC3-BBE9161B3595}.Release|Any CPU.ActiveCfg = Release|Any CPU
		{90422F2B-B999-40CC-BCC3-BBE9161B3595}.Release|Any CPU.Build.0 = Release|Any CPU
		{90422F2B-B999-40CC-BCC3-BBE9161B3595}.Release|x64.ActiveCfg = Release|Any CPU
		{90422F2B-B999-40CC-BCC3-BBE9161B3595}.Release|x64.Build.0 = Release|Any CPU
		{90422F2B-B999-40CC-BCC3-BBE9161B3595}.Release|x86.ActiveCfg = Release|Any CPU
		{90422F2B-B999-40CC-BCC3-BBE9161B3595}.Release|x86.Build.0 = Release|Any CPU
	EndGlobalSection
	GlobalSection(NestedProjects) = preSolution
		{90422F2B-B999-40CC-BCC3-BBE9161B3595} = {F5B3CF68-9413-4CA3-AC9D-43831F02C678}
	EndGlobalSection
EndGlobal
