
Microsoft Visual Studio Solution File, Format Version 12.00
# Visual Studio Version 16
VisualStudioVersion = 16.6.30114.105
MinimumVisualStudioVersion = 10.0.40219.1
Project("{2150E333-8FDC-42A3-9474-1A3956D46DE8}") = "tests", "tests", "{F5B3CF68-9413-4CA3-AC9D-43831F02C678}"
EndProject
Project("{FAE04EC0-301F-11D3-BF4B-00C04F79EFBC}") = "chat-tests", "tests\chat-tests\chat-tests.csproj", "{90422F2B-B999-40CC-BCC3-BBE9161B3595}"
EndProject
Project("{2150E333-8FDC-42A3-9474-1A3956D46DE8}") = "examples", "examples", "{B75E9D57-A885-4791-A09F-F51A6125C38D}"
EndProject
Project("{FAE04EC0-301F-11D3-BF4B-00C04F79EFBC}") = "chat-server", "examples\chat-server\chat-server.csproj", "{84BEF644-5B53-4840-9BCE-BF1C00482F9B}"
EndProject
Project("{FAE04EC0-301F-11D3-BF4B-00C04F79EFBC}") = "chat-client", "examples\chat-client\chat-client.csproj", "{70E70565-0BD0-4E8C-9A00-A21CDD10EB62}"
EndProject
Project("{2150E333-8FDC-42A3-9474-1A3956D46DE8}") = "src", "src", "{83F61AF2-B155-4D0E-BFE3-613465F68B08}"
EndProject
Project("{FAE04EC0-301F-11D3-BF4B-00C04F79EFBC}") = "protocol", "src\protocol\protocol.csproj", "{7AB5D1E9-4B38-42C2-B81A-8F0F35AAB53F}"
EndProject
Project("{FAE04EC0-301F-11D3-BF4B-00C04F79EFBC}") = "client-library", "src\client-library\client-library.csproj", "{8EB7E279-1F77-48ED-B84A-0D163435ACBF}"
EndProject
Project("{FAE04EC0-301F-11D3-BF4B-00C04F79EFBC}") = "server-library", "src\server-library\server-library.csproj", "{EBAD7A5D-00AC-4661-9CD1-46CE8304A992}"
EndProject
Project("{FAE04EC0-301F-11D3-BF4B-00C04F79EFBC}") = "protobuf-protocol", "examples\protobuf-protocol\protobuf-protocol.csproj", "{7E516484-518A-4B1C-9FDF-EF739FF4C150}"
EndProject
Project("{FAE04EC0-301F-11D3-BF4B-00C04F79EFBC}") = "shared-library", "src\shared-library\shared-library.csproj", "{398B0B94-94AD-4D52-8481-E94FA73D6936}"
EndProject
Global
	GlobalSection(SolutionConfigurationPlatforms) = preSolution
		Debug|Any CPU = Debug|Any CPU
		Debug|x64 = Debug|x64
		Debug|x86 = Debug|x86
		Release|Any CPU = Release|Any CPU
		Release|x64 = Release|x64
		Release|x86 = Release|x86
	EndGlobalSection
	GlobalSection(SolutionProperties) = preSolution
		HideSolutionNode = FALSE
	EndGlobalSection
	GlobalSection(ProjectConfigurationPlatforms) = postSolution
		{90422F2B-B999-40CC-BCC3-BBE9161B3595}.Debug|Any CPU.ActiveCfg = Debug|Any CPU
		{90422F2B-B999-40CC-BCC3-BBE9161B3595}.Debug|Any CPU.Build.0 = Debug|Any CPU
		{90422F2B-B999-40CC-BCC3-BBE9161B3595}.Debug|x64.ActiveCfg = Debug|Any CPU
		{90422F2B-B999-40CC-BCC3-BBE9161B3595}.Debug|x64.Build.0 = Debug|Any CPU
		{90422F2B-B999-40CC-BCC3-BBE9161B3595}.Debug|x86.ActiveCfg = Debug|Any CPU
		{90422F2B-B999-40CC-BCC3-BBE9161B3595}.Debug|x86.Build.0 = Debug|Any CPU
		{90422F2B-B999-40CC-BCC3-BBE9161B3595}.Release|Any CPU.ActiveCfg = Release|Any CPU
		{90422F2B-B999-40CC-BCC3-BBE9161B3595}.Release|Any CPU.Build.0 = Release|Any CPU
		{90422F2B-B999-40CC-BCC3-BBE9161B3595}.Release|x64.ActiveCfg = Release|Any CPU
		{90422F2B-B999-40CC-BCC3-BBE9161B3595}.Release|x64.Build.0 = Release|Any CPU
		{90422F2B-B999-40CC-BCC3-BBE9161B3595}.Release|x86.ActiveCfg = Release|Any CPU
		{90422F2B-B999-40CC-BCC3-BBE9161B3595}.Release|x86.Build.0 = Release|Any CPU
		{84BEF644-5B53-4840-9BCE-BF1C00482F9B}.Debug|Any CPU.ActiveCfg = Debug|Any CPU
		{84BEF644-5B53-4840-9BCE-BF1C00482F9B}.Debug|Any CPU.Build.0 = Debug|Any CPU
		{84BEF644-5B53-4840-9BCE-BF1C00482F9B}.Debug|x64.ActiveCfg = Debug|Any CPU
		{84BEF644-5B53-4840-9BCE-BF1C00482F9B}.Debug|x64.Build.0 = Debug|Any CPU
		{84BEF644-5B53-4840-9BCE-BF1C00482F9B}.Debug|x86.ActiveCfg = Debug|Any CPU
		{84BEF644-5B53-4840-9BCE-BF1C00482F9B}.Debug|x86.Build.0 = Debug|Any CPU
		{84BEF644-5B53-4840-9BCE-BF1C00482F9B}.Release|Any CPU.ActiveCfg = Release|Any CPU
		{84BEF644-5B53-4840-9BCE-BF1C00482F9B}.Release|Any CPU.Build.0 = Release|Any CPU
		{84BEF644-5B53-4840-9BCE-BF1C00482F9B}.Release|x64.ActiveCfg = Release|Any CPU
		{84BEF644-5B53-4840-9BCE-BF1C00482F9B}.Release|x64.Build.0 = Release|Any CPU
		{84BEF644-5B53-4840-9BCE-BF1C00482F9B}.Release|x86.ActiveCfg = Release|Any CPU
		{84BEF644-5B53-4840-9BCE-BF1C00482F9B}.Release|x86.Build.0 = Release|Any CPU
		{70E70565-0BD0-4E8C-9A00-A21CDD10EB62}.Debug|Any CPU.ActiveCfg = Debug|Any CPU
		{70E70565-0BD0-4E8C-9A00-A21CDD10EB62}.Debug|Any CPU.Build.0 = Debug|Any CPU
		{70E70565-0BD0-4E8C-9A00-A21CDD10EB62}.Debug|x64.ActiveCfg = Debug|Any CPU
		{70E70565-0BD0-4E8C-9A00-A21CDD10EB62}.Debug|x64.Build.0 = Debug|Any CPU
		{70E70565-0BD0-4E8C-9A00-A21CDD10EB62}.Debug|x86.ActiveCfg = Debug|Any CPU
		{70E70565-0BD0-4E8C-9A00-A21CDD10EB62}.Debug|x86.Build.0 = Debug|Any CPU
		{70E70565-0BD0-4E8C-9A00-A21CDD10EB62}.Release|Any CPU.ActiveCfg = Release|Any CPU
		{70E70565-0BD0-4E8C-9A00-A21CDD10EB62}.Release|Any CPU.Build.0 = Release|Any CPU
		{70E70565-0BD0-4E8C-9A00-A21CDD10EB62}.Release|x64.ActiveCfg = Release|Any CPU
		{70E70565-0BD0-4E8C-9A00-A21CDD10EB62}.Release|x64.Build.0 = Release|Any CPU
		{70E70565-0BD0-4E8C-9A00-A21CDD10EB62}.Release|x86.ActiveCfg = Release|Any CPU
		{70E70565-0BD0-4E8C-9A00-A21CDD10EB62}.Release|x86.Build.0 = Release|Any CPU
		{7AB5D1E9-4B38-42C2-B81A-8F0F35AAB53F}.Debug|Any CPU.ActiveCfg = Debug|Any CPU
		{7AB5D1E9-4B38-42C2-B81A-8F0F35AAB53F}.Debug|Any CPU.Build.0 = Debug|Any CPU
		{7AB5D1E9-4B38-42C2-B81A-8F0F35AAB53F}.Debug|x64.ActiveCfg = Debug|Any CPU
		{7AB5D1E9-4B38-42C2-B81A-8F0F35AAB53F}.Debug|x64.Build.0 = Debug|Any CPU
		{7AB5D1E9-4B38-42C2-B81A-8F0F35AAB53F}.Debug|x86.ActiveCfg = Debug|Any CPU
		{7AB5D1E9-4B38-42C2-B81A-8F0F35AAB53F}.Debug|x86.Build.0 = Debug|Any CPU
		{7AB5D1E9-4B38-42C2-B81A-8F0F35AAB53F}.Release|Any CPU.ActiveCfg = Release|Any CPU
		{7AB5D1E9-4B38-42C2-B81A-8F0F35AAB53F}.Release|Any CPU.Build.0 = Release|Any CPU
		{7AB5D1E9-4B38-42C2-B81A-8F0F35AAB53F}.Release|x64.ActiveCfg = Release|Any CPU
		{7AB5D1E9-4B38-42C2-B81A-8F0F35AAB53F}.Release|x64.Build.0 = Release|Any CPU
		{7AB5D1E9-4B38-42C2-B81A-8F0F35AAB53F}.Release|x86.ActiveCfg = Release|Any CPU
		{7AB5D1E9-4B38-42C2-B81A-8F0F35AAB53F}.Release|x86.Build.0 = Release|Any CPU
		{8EB7E279-1F77-48ED-B84A-0D163435ACBF}.Debug|Any CPU.ActiveCfg = Debug|Any CPU
		{8EB7E279-1F77-48ED-B84A-0D163435ACBF}.Debug|Any CPU.Build.0 = Debug|Any CPU
		{8EB7E279-1F77-48ED-B84A-0D163435ACBF}.Debug|x64.ActiveCfg = Debug|Any CPU
		{8EB7E279-1F77-48ED-B84A-0D163435ACBF}.Debug|x64.Build.0 = Debug|Any CPU
		{8EB7E279-1F77-48ED-B84A-0D163435ACBF}.Debug|x86.ActiveCfg = Debug|Any CPU
		{8EB7E279-1F77-48ED-B84A-0D163435ACBF}.Debug|x86.Build.0 = Debug|Any CPU
		{8EB7E279-1F77-48ED-B84A-0D163435ACBF}.Release|Any CPU.ActiveCfg = Release|Any CPU
		{8EB7E279-1F77-48ED-B84A-0D163435ACBF}.Release|Any CPU.Build.0 = Release|Any CPU
		{8EB7E279-1F77-48ED-B84A-0D163435ACBF}.Release|x64.ActiveCfg = Release|Any CPU
		{8EB7E279-1F77-48ED-B84A-0D163435ACBF}.Release|x64.Build.0 = Release|Any CPU
		{8EB7E279-1F77-48ED-B84A-0D163435ACBF}.Release|x86.ActiveCfg = Release|Any CPU
		{8EB7E279-1F77-48ED-B84A-0D163435ACBF}.Release|x86.Build.0 = Release|Any CPU
		{EBAD7A5D-00AC-4661-9CD1-46CE8304A992}.Debug|Any CPU.ActiveCfg = Debug|Any CPU
		{EBAD7A5D-00AC-4661-9CD1-46CE8304A992}.Debug|Any CPU.Build.0 = Debug|Any CPU
		{EBAD7A5D-00AC-4661-9CD1-46CE8304A992}.Debug|x64.ActiveCfg = Debug|Any CPU
		{EBAD7A5D-00AC-4661-9CD1-46CE8304A992}.Debug|x64.Build.0 = Debug|Any CPU
		{EBAD7A5D-00AC-4661-9CD1-46CE8304A992}.Debug|x86.ActiveCfg = Debug|Any CPU
		{EBAD7A5D-00AC-4661-9CD1-46CE8304A992}.Debug|x86.Build.0 = Debug|Any CPU
		{EBAD7A5D-00AC-4661-9CD1-46CE8304A992}.Release|Any CPU.ActiveCfg = Release|Any CPU
		{EBAD7A5D-00AC-4661-9CD1-46CE8304A992}.Release|Any CPU.Build.0 = Release|Any CPU
		{EBAD7A5D-00AC-4661-9CD1-46CE8304A992}.Release|x64.ActiveCfg = Release|Any CPU
		{EBAD7A5D-00AC-4661-9CD1-46CE8304A992}.Release|x64.Build.0 = Release|Any CPU
		{EBAD7A5D-00AC-4661-9CD1-46CE8304A992}.Release|x86.ActiveCfg = Release|Any CPU
		{EBAD7A5D-00AC-4661-9CD1-46CE8304A992}.Release|x86.Build.0 = Release|Any CPU
		{7E516484-518A-4B1C-9FDF-EF739FF4C150}.Debug|Any CPU.ActiveCfg = Debug|Any CPU
		{7E516484-518A-4B1C-9FDF-EF739FF4C150}.Debug|Any CPU.Build.0 = Debug|Any CPU
		{7E516484-518A-4B1C-9FDF-EF739FF4C150}.Debug|x64.ActiveCfg = Debug|Any CPU
		{7E516484-518A-4B1C-9FDF-EF739FF4C150}.Debug|x64.Build.0 = Debug|Any CPU
		{7E516484-518A-4B1C-9FDF-EF739FF4C150}.Debug|x86.ActiveCfg = Debug|Any CPU
		{7E516484-518A-4B1C-9FDF-EF739FF4C150}.Debug|x86.Build.0 = Debug|Any CPU
		{7E516484-518A-4B1C-9FDF-EF739FF4C150}.Release|Any CPU.ActiveCfg = Release|Any CPU
		{7E516484-518A-4B1C-9FDF-EF739FF4C150}.Release|Any CPU.Build.0 = Release|Any CPU
		{7E516484-518A-4B1C-9FDF-EF739FF4C150}.Release|x64.ActiveCfg = Release|Any CPU
		{7E516484-518A-4B1C-9FDF-EF739FF4C150}.Release|x64.Build.0 = Release|Any CPU
		{7E516484-518A-4B1C-9FDF-EF739FF4C150}.Release|x86.ActiveCfg = Release|Any CPU
		{7E516484-518A-4B1C-9FDF-EF739FF4C150}.Release|x86.Build.0 = Release|Any CPU
		{398B0B94-94AD-4D52-8481-E94FA73D6936}.Debug|Any CPU.ActiveCfg = Debug|Any CPU
		{398B0B94-94AD-4D52-8481-E94FA73D6936}.Debug|Any CPU.Build.0 = Debug|Any CPU
		{398B0B94-94AD-4D52-8481-E94FA73D6936}.Debug|x64.ActiveCfg = Debug|Any CPU
		{398B0B94-94AD-4D52-8481-E94FA73D6936}.Debug|x64.Build.0 = Debug|Any CPU
		{398B0B94-94AD-4D52-8481-E94FA73D6936}.Debug|x86.ActiveCfg = Debug|Any CPU
		{398B0B94-94AD-4D52-8481-E94FA73D6936}.Debug|x86.Build.0 = Debug|Any CPU
		{398B0B94-94AD-4D52-8481-E94FA73D6936}.Release|Any CPU.ActiveCfg = Release|Any CPU
		{398B0B94-94AD-4D52-8481-E94FA73D6936}.Release|Any CPU.Build.0 = Release|Any CPU
		{398B0B94-94AD-4D52-8481-E94FA73D6936}.Release|x64.ActiveCfg = Release|Any CPU
		{398B0B94-94AD-4D52-8481-E94FA73D6936}.Release|x64.Build.0 = Release|Any CPU
		{398B0B94-94AD-4D52-8481-E94FA73D6936}.Release|x86.ActiveCfg = Release|Any CPU
		{398B0B94-94AD-4D52-8481-E94FA73D6936}.Release|x86.Build.0 = Release|Any CPU
	EndGlobalSection
	GlobalSection(NestedProjects) = preSolution
		{90422F2B-B999-40CC-BCC3-BBE9161B3595} = {F5B3CF68-9413-4CA3-AC9D-43831F02C678}
		{84BEF644-5B53-4840-9BCE-BF1C00482F9B} = {B75E9D57-A885-4791-A09F-F51A6125C38D}
		{70E70565-0BD0-4E8C-9A00-A21CDD10EB62} = {B75E9D57-A885-4791-A09F-F51A6125C38D}
		{7AB5D1E9-4B38-42C2-B81A-8F0F35AAB53F} = {83F61AF2-B155-4D0E-BFE3-613465F68B08}
		{8EB7E279-1F77-48ED-B84A-0D163435ACBF} = {83F61AF2-B155-4D0E-BFE3-613465F68B08}
		{EBAD7A5D-00AC-4661-9CD1-46CE8304A992} = {83F61AF2-B155-4D0E-BFE3-613465F68B08}
		{7E516484-518A-4B1C-9FDF-EF739FF4C150} = {B75E9D57-A885-4791-A09F-F51A6125C38D}
		{398B0B94-94AD-4D52-8481-E94FA73D6936} = {83F61AF2-B155-4D0E-BFE3-613465F68B08}
	EndGlobalSection
EndGlobal
